
Microsoft Visual Studio Solution File, Format Version 12.00
# Visual Studio Version 17
VisualStudioVersion = 17.10.35013.160
MinimumVisualStudioVersion = 10.0.40219.1
Project("{FAE04EC0-301F-11D3-BF4B-00C04F79EFBC}") = "BTL_NMCNPM_SE.G19_QLNSNhaNam", "BTL_NMCNPM_SE.G19_QLNSNhaNam\BTL_NMCNPM_SE.G19_QLNSNhaNam.csproj", "{3ED6324F-2E6C-4023-9343-7AAF278B8615}"
EndProject
Global
	GlobalSection(SolutionConfigurationPlatforms) = preSolution
		Debug|Any CPU = Debug|Any CPU
		Release|Any CPU = Release|Any CPU
	EndGlobalSection
	GlobalSection(ProjectConfigurationPlatforms) = postSolution
		{3ED6324F-2E6C-4023-9343-7AAF278B8615}.Debug|Any CPU.ActiveCfg = Debug|Any CPU
		{3ED6324F-2E6C-4023-9343-7AAF278B8615}.Debug|Any CPU.Build.0 = Debug|Any CPU
		{3ED6324F-2E6C-4023-9343-7AAF278B8615}.Release|Any CPU.ActiveCfg = Release|Any CPU
		{3ED6324F-2E6C-4023-9343-7AAF278B8615}.Release|Any CPU.Build.0 = Release|Any CPU
	EndGlobalSection
	GlobalSection(SolutionProperties) = preSolution
		HideSolutionNode = FALSE
	EndGlobalSection
	GlobalSection(ExtensibilityGlobals) = postSolution
		SolutionGuid = {AD20D4B9-9712-4E35-A847-58E033EFB79D}
	EndGlobalSection
EndGlobal
